
Microsoft Visual Studio Solution File, Format Version 12.00
# Visual Studio Version 17
VisualStudioVersion = 17.8.34309.116
MinimumVisualStudioVersion = 10.0.40219.1
Project("{2150E333-8FDC-42A3-9474-1A3956D46DE8}") = "BookingService", "BookingService", "{ADD17993-47AB-4F0B-B9D2-3403C271E02C}"
EndProject
Project("{2150E333-8FDC-42A3-9474-1A3956D46DE8}") = "PaymentService", "PaymentService", "{C67CA25E-29DE-4898-8480-98B30CEC6C48}"
EndProject
Project("{2150E333-8FDC-42A3-9474-1A3956D46DE8}") = "Core", "Core", "{D59ECDD9-A794-4528-AC64-19ACB26CC3A1}"
EndProject
Project("{2150E333-8FDC-42A3-9474-1A3956D46DE8}") = "Domain", "Domain", "{CFE33167-0145-4E68-9435-D9E646166FDF}"
EndProject
Project("{2150E333-8FDC-42A3-9474-1A3956D46DE8}") = "Application", "Application", "{337E11D9-0F47-4274-AF96-36EA74824542}"
EndProject
Project("{2150E333-8FDC-42A3-9474-1A3956D46DE8}") = "Adapters", "Adapters", "{3CFD9126-04BB-4C39-9B31-2D0C6BE3D4ED}"
EndProject
Project("{2150E333-8FDC-42A3-9474-1A3956D46DE8}") = "Consumers", "Consumers", "{60D9CC1F-270C-41F1-B2AD-8227E6639322}"
EndProject
Project("{2150E333-8FDC-42A3-9474-1A3956D46DE8}") = "Tests", "Tests", "{6C83396C-B02D-4485-9AD5-61693EBCA180}"
EndProject
Project("{2150E333-8FDC-42A3-9474-1A3956D46DE8}") = "Domain", "Domain", "{9B703DFC-C80E-4BEA-9952-A12A20AFEEF7}"
EndProject
Project("{2150E333-8FDC-42A3-9474-1A3956D46DE8}") = "Application", "Application", "{D4D3A3AE-0B58-4806-BD4A-0D45527B8EC1}"
EndProject
Project("{2150E333-8FDC-42A3-9474-1A3956D46DE8}") = "Adapters", "Adapters", "{3FDC2110-FFC0-491A-98EB-6BAE614AB2CD}"
EndProject
Project("{9A19103F-16F7-4668-BE54-9A1E7A4F7556}") = "Data", "BookingService\Adapters\Data\Data.csproj", "{0D0AD96F-A05E-40AF-AEC9-AF56A47EA12E}"
EndProject
Project("{9A19103F-16F7-4668-BE54-9A1E7A4F7556}") = "Api", "BookingService\Consumers\Api\Api.csproj", "{E539C3C2-5ACD-457D-A8E5-BA7B1EE76D79}"
EndProject
Project("{9A19103F-16F7-4668-BE54-9A1E7A4F7556}") = "Application", "BookingService\Core\Application\Application.csproj", "{17401B76-B6CF-4445-965F-A03D80FF4C77}"
EndProject
Project("{9A19103F-16F7-4668-BE54-9A1E7A4F7556}") = "Domain", "BookingService\Core\Domain\Domain.csproj", "{CC44ED6E-1EDF-4DA2-B25E-0ACC514CCEA3}"
EndProject
Project("{9A19103F-16F7-4668-BE54-9A1E7A4F7556}") = "AdaptersTests", "BookingService\Tests\AdaptersTests\AdaptersTests.csproj", "{9738991F-22BC-4890-97EE-6E18F28F3D9C}"
EndProject
Project("{9A19103F-16F7-4668-BE54-9A1E7A4F7556}") = "ApplicationTests", "BookingService\Tests\ApplicationTests\ApplicationTests.csproj", "{8459767A-8CF8-40D9-9A09-943928AD7756}"
EndProject
Project("{9A19103F-16F7-4668-BE54-9A1E7A4F7556}") = "DomainTests", "BookingService\Tests\DomainTests\DomainTests.csproj", "{595B2216-0EF9-4E62-8D9B-336D7FE53C3D}"
EndProject
Project("{2150E333-8FDC-42A3-9474-1A3956D46DE8}") = "Authorization", "Authorization", "{40FF14AA-D5E6-4D28-89AF-890A33841736}"
EndProject
Project("{FAE04EC0-301F-11D3-BF4B-00C04F79EFBC}") = "Auth", "Auth\Auth.csproj", "{8893BDF7-71E7-422B-8AAF-7B06E2DA6CD3}"
EndProject
Global
	GlobalSection(SolutionConfigurationPlatforms) = preSolution
		Debug|Any CPU = Debug|Any CPU
		Release|Any CPU = Release|Any CPU
	EndGlobalSection
	GlobalSection(ProjectConfigurationPlatforms) = postSolution
		{0D0AD96F-A05E-40AF-AEC9-AF56A47EA12E}.Debug|Any CPU.ActiveCfg = Debug|Any CPU
		{0D0AD96F-A05E-40AF-AEC9-AF56A47EA12E}.Debug|Any CPU.Build.0 = Debug|Any CPU
		{0D0AD96F-A05E-40AF-AEC9-AF56A47EA12E}.Release|Any CPU.ActiveCfg = Release|Any CPU
		{0D0AD96F-A05E-40AF-AEC9-AF56A47EA12E}.Release|Any CPU.Build.0 = Release|Any CPU
		{E539C3C2-5ACD-457D-A8E5-BA7B1EE76D79}.Debug|Any CPU.ActiveCfg = Debug|Any CPU
		{E539C3C2-5ACD-457D-A8E5-BA7B1EE76D79}.Debug|Any CPU.Build.0 = Debug|Any CPU
		{E539C3C2-5ACD-457D-A8E5-BA7B1EE76D79}.Release|Any CPU.ActiveCfg = Release|Any CPU
		{E539C3C2-5ACD-457D-A8E5-BA7B1EE76D79}.Release|Any CPU.Build.0 = Release|Any CPU
		{17401B76-B6CF-4445-965F-A03D80FF4C77}.Debug|Any CPU.ActiveCfg = Debug|Any CPU
		{17401B76-B6CF-4445-965F-A03D80FF4C77}.Debug|Any CPU.Build.0 = Debug|Any CPU
		{17401B76-B6CF-4445-965F-A03D80FF4C77}.Release|Any CPU.ActiveCfg = Release|Any CPU
		{17401B76-B6CF-4445-965F-A03D80FF4C77}.Release|Any CPU.Build.0 = Release|Any CPU
		{CC44ED6E-1EDF-4DA2-B25E-0ACC514CCEA3}.Debug|Any CPU.ActiveCfg = Debug|Any CPU
		{CC44ED6E-1EDF-4DA2-B25E-0ACC514CCEA3}.Debug|Any CPU.Build.0 = Debug|Any CPU
		{CC44ED6E-1EDF-4DA2-B25E-0ACC514CCEA3}.Release|Any CPU.ActiveCfg = Release|Any CPU
		{CC44ED6E-1EDF-4DA2-B25E-0ACC514CCEA3}.Release|Any CPU.Build.0 = Release|Any CPU
		{9738991F-22BC-4890-97EE-6E18F28F3D9C}.Debug|Any CPU.ActiveCfg = Debug|Any CPU
		{9738991F-22BC-4890-97EE-6E18F28F3D9C}.Debug|Any CPU.Build.0 = Debug|Any CPU
		{9738991F-22BC-4890-97EE-6E18F28F3D9C}.Release|Any CPU.ActiveCfg = Release|Any CPU
		{9738991F-22BC-4890-97EE-6E18F28F3D9C}.Release|Any CPU.Build.0 = Release|Any CPU
		{8459767A-8CF8-40D9-9A09-943928AD7756}.Debug|Any CPU.ActiveCfg = Debug|Any CPU
		{8459767A-8CF8-40D9-9A09-943928AD7756}.Debug|Any CPU.Build.0 = Debug|Any CPU
		{8459767A-8CF8-40D9-9A09-943928AD7756}.Release|Any CPU.ActiveCfg = Release|Any CPU
		{8459767A-8CF8-40D9-9A09-943928AD7756}.Release|Any CPU.Build.0 = Release|Any CPU
		{595B2216-0EF9-4E62-8D9B-336D7FE53C3D}.Debug|Any CPU.ActiveCfg = Debug|Any CPU
		{595B2216-0EF9-4E62-8D9B-336D7FE53C3D}.Debug|Any CPU.Build.0 = Debug|Any CPU
		{595B2216-0EF9-4E62-8D9B-336D7FE53C3D}.Release|Any CPU.ActiveCfg = Release|Any CPU
		{595B2216-0EF9-4E62-8D9B-336D7FE53C3D}.Release|Any CPU.Build.0 = Release|Any CPU
		{8893BDF7-71E7-422B-8AAF-7B06E2DA6CD3}.Debug|Any CPU.ActiveCfg = Debug|Any CPU
		{8893BDF7-71E7-422B-8AAF-7B06E2DA6CD3}.Debug|Any CPU.Build.0 = Debug|Any CPU
		{8893BDF7-71E7-422B-8AAF-7B06E2DA6CD3}.Release|Any CPU.ActiveCfg = Release|Any CPU
		{8893BDF7-71E7-422B-8AAF-7B06E2DA6CD3}.Release|Any CPU.Build.0 = Release|Any CPU
	EndGlobalSection
	GlobalSection(SolutionProperties) = preSolution
		HideSolutionNode = FALSE
	EndGlobalSection
	GlobalSection(NestedProjects) = preSolution
		{D59ECDD9-A794-4528-AC64-19ACB26CC3A1} = {ADD17993-47AB-4F0B-B9D2-3403C271E02C}
		{CFE33167-0145-4E68-9435-D9E646166FDF} = {D59ECDD9-A794-4528-AC64-19ACB26CC3A1}
		{337E11D9-0F47-4274-AF96-36EA74824542} = {D59ECDD9-A794-4528-AC64-19ACB26CC3A1}
		{3CFD9126-04BB-4C39-9B31-2D0C6BE3D4ED} = {ADD17993-47AB-4F0B-B9D2-3403C271E02C}
		{60D9CC1F-270C-41F1-B2AD-8227E6639322} = {ADD17993-47AB-4F0B-B9D2-3403C271E02C}
		{6C83396C-B02D-4485-9AD5-61693EBCA180} = {ADD17993-47AB-4F0B-B9D2-3403C271E02C}
		{9B703DFC-C80E-4BEA-9952-A12A20AFEEF7} = {6C83396C-B02D-4485-9AD5-61693EBCA180}
		{D4D3A3AE-0B58-4806-BD4A-0D45527B8EC1} = {6C83396C-B02D-4485-9AD5-61693EBCA180}
		{3FDC2110-FFC0-491A-98EB-6BAE614AB2CD} = {6C83396C-B02D-4485-9AD5-61693EBCA180}
		{0D0AD96F-A05E-40AF-AEC9-AF56A47EA12E} = {3CFD9126-04BB-4C39-9B31-2D0C6BE3D4ED}
		{E539C3C2-5ACD-457D-A8E5-BA7B1EE76D79} = {60D9CC1F-270C-41F1-B2AD-8227E6639322}
		{17401B76-B6CF-4445-965F-A03D80FF4C77} = {337E11D9-0F47-4274-AF96-36EA74824542}
		{CC44ED6E-1EDF-4DA2-B25E-0ACC514CCEA3} = {CFE33167-0145-4E68-9435-D9E646166FDF}
		{9738991F-22BC-4890-97EE-6E18F28F3D9C} = {3FDC2110-FFC0-491A-98EB-6BAE614AB2CD}
		{8459767A-8CF8-40D9-9A09-943928AD7756} = {D4D3A3AE-0B58-4806-BD4A-0D45527B8EC1}
		{595B2216-0EF9-4E62-8D9B-336D7FE53C3D} = {9B703DFC-C80E-4BEA-9952-A12A20AFEEF7}
		{8893BDF7-71E7-422B-8AAF-7B06E2DA6CD3} = {40FF14AA-D5E6-4D28-89AF-890A33841736}
	EndGlobalSection
	GlobalSection(ExtensibilityGlobals) = postSolution
		SolutionGuid = {14EC3B01-ED7D-4FC8-AEAC-458AA10954EE}
	EndGlobalSection
EndGlobal
